
Microsoft Visual Studio Solution File, Format Version 12.00
# Visual Studio Version 17
VisualStudioVersion = 17.9.34622.214
MinimumVisualStudioVersion = 10.0.40219.1
Project("{8BC9CEB8-8B4A-11D0-8D11-00A0C91BC942}") = "lab1", "lab1\lab1.vcxproj", "{30018548-9C75-4EA5-AFD0-2BCE9B8B2E51}"
EndProject
Project("{8BC9CEB8-8B4A-11D0-8D11-00A0C91BC942}") = "lab1Test", "lab1Test\lab1Test.vcxproj", "{83DF9F6E-8348-473B-9163-3DA83127F893}"
EndProject
Global
	GlobalSection(SolutionConfigurationPlatforms) = preSolution
		Debug|x64 = Debug|x64
		Debug|x86 = Debug|x86
		Release|x64 = Release|x64
		Release|x86 = Release|x86
	EndGlobalSection
	GlobalSection(ProjectConfigurationPlatforms) = postSolution
		{30018548-9C75-4EA5-AFD0-2BCE9B8B2E51}.Debug|x64.ActiveCfg = Debug|x64
		{30018548-9C75-4EA5-AFD0-2BCE9B8B2E51}.Debug|x64.Build.0 = Debug|x64
		{30018548-9C75-4EA5-AFD0-2BCE9B8B2E51}.Debug|x86.ActiveCfg = Debug|Win32
		{30018548-9C75-4EA5-AFD0-2BCE9B8B2E51}.Debug|x86.Build.0 = Debug|Win32
		{30018548-9C75-4EA5-AFD0-2BCE9B8B2E51}.Release|x64.ActiveCfg = Release|x64
		{30018548-9C75-4EA5-AFD0-2BCE9B8B2E51}.Release|x64.Build.0 = Release|x64
		{30018548-9C75-4EA5-AFD0-2BCE9B8B2E51}.Release|x86.ActiveCfg = Release|Win32
		{30018548-9C75-4EA5-AFD0-2BCE9B8B2E51}.Release|x86.Build.0 = Release|Win32
		{83DF9F6E-8348-473B-9163-3DA83127F893}.Debug|x64.ActiveCfg = Debug|x64
		{83DF9F6E-8348-473B-9163-3DA83127F893}.Debug|x64.Build.0 = Debug|x64
		{83DF9F6E-8348-473B-9163-3DA83127F893}.Debug|x86.ActiveCfg = Debug|Win32
		{83DF9F6E-8348-473B-9163-3DA83127F893}.Debug|x86.Build.0 = Debug|Win32
		{83DF9F6E-8348-473B-9163-3DA83127F893}.Release|x64.ActiveCfg = Release|x64
		{83DF9F6E-8348-473B-9163-3DA83127F893}.Release|x64.Build.0 = Release|x64
		{83DF9F6E-8348-473B-9163-3DA83127F893}.Release|x86.ActiveCfg = Release|Win32
		{83DF9F6E-8348-473B-9163-3DA83127F893}.Release|x86.Build.0 = Release|Win32
	EndGlobalSection
	GlobalSection(SolutionProperties) = preSolution
		HideSolutionNode = FALSE
	EndGlobalSection
	GlobalSection(ExtensibilityGlobals) = postSolution
		SolutionGuid = {B6E89DD5-6948-4243-89A8-DA7C530B3211}
	EndGlobalSection
EndGlobal
